
Microsoft Visual Studio Solution File, Format Version 12.00
# Visual Studio Version 16
VisualStudioVersion = 16.0.30002.166
MinimumVisualStudioVersion = 10.0.40219.1
Project("{FAE04EC0-301F-11D3-BF4B-00C04F79EFBC}") = "library_management", "library_management.csproj", "{2F6BB9F1-28BB-4BEC-81A3-2664710D0E23}"
EndProject
Global
	GlobalSection(SolutionConfigurationPlatforms) = preSolution
		Debug|Any CPU = Debug|Any CPU
		Release|Any CPU = Release|Any CPU
	EndGlobalSection
	GlobalSection(ProjectConfigurationPlatforms) = postSolution
		{2F6BB9F1-28BB-4BEC-81A3-2664710D0E23}.Debug|Any CPU.ActiveCfg = Debug|Any CPU
		{2F6BB9F1-28BB-4BEC-81A3-2664710D0E23}.Debug|Any CPU.Build.0 = Debug|Any CPU
		{2F6BB9F1-28BB-4BEC-81A3-2664710D0E23}.Release|Any CPU.ActiveCfg = Release|Any CPU
		{2F6BB9F1-28BB-4BEC-81A3-2664710D0E23}.Release|Any CPU.Build.0 = Release|Any CPU
	EndGlobalSection
	GlobalSection(SolutionProperties) = preSolution
		HideSolutionNode = FALSE
	EndGlobalSection
	GlobalSection(ExtensibilityGlobals) = postSolution
		SolutionGuid = {C226F099-EA07-4925-BCDC-E9A26F089686}
	EndGlobalSection
EndGlobal
